# This file is autogenerated, do not edit; changes may be undone by the next 'dep ensure'.


[[projects]]
  branch = "master"
  name = "github.com/oskca/gopherjs-dom"
  packages = ["."]
  revision = "32ec7beb35cf955fdc223ba03621f12e490edc7d"

[[projects]]
  branch = "master"
  name = "github.com/oskca/gopherjs-json"
  packages = ["."]
  revision = "fa80e2036d4607f8e17dc282b2da430890efc116"

[[projects]]
  branch = "master"
  name = "github.com/oskca/gopherjs-vue"
  packages = [".","jscode/debug","jscode/minified"]
  revision = "ab40c9e57345d35375c820c8e885d28ed70f165e"

[solve-meta]
  analyzer-name = "dep"
  analyzer-version = 1
  inputs-digest = "5f8c303e8e0a041e47eba2b120086a8b8d9c11eafce02a6a045a78e7b07738c4"
  solver-name = "gps-cdcl"
  solver-version = 1
